
Microsoft Visual Studio Solution File, Format Version 12.00
# Visual Studio Version 17
VisualStudioVersion = 17.9.34728.123
MinimumVisualStudioVersion = 10.0.40219.1
Project("{FAE04EC0-301F-11D3-BF4B-00C04F79EFBC}") = "webAPI", "webAPI\webAPI.csproj", "{18A5E8EA-86D7-43B6-8E47-F2B390656E33}"
EndProject
Project("{2150E333-8FDC-42A3-9474-1A3956D46DE8}") = "01- Comun", "01- Comun", "{BEEF67A1-E4DF-4971-B13C-00161D65E079}"
EndProject
Project("{2150E333-8FDC-42A3-9474-1A3956D46DE8}") = "02- Modelo", "02- Modelo", "{6B4D5FA4-EE52-48C2-BF3B-5680E60F9A6F}"
EndProject
Project("{2150E333-8FDC-42A3-9474-1A3956D46DE8}") = "03- Acceso a Datos", "03- Acceso a Datos", "{09CBCA52-D478-4C0F-A984-3C03CBD9E128}"
EndProject
Project("{2150E333-8FDC-42A3-9474-1A3956D46DE8}") = "05- Logica de Negocio", "05- Logica de Negocio", "{5821E7E5-35DD-4ACD-B6F7-F7CCD3715654}"
EndProject
Project("{2150E333-8FDC-42A3-9474-1A3956D46DE8}") = "06- Web API", "06- Web API", "{B24E89DE-406C-4E4C-8C95-D4E50ED58A70}"
EndProject
Project("{FAE04EC0-301F-11D3-BF4B-00C04F79EFBC}") = "Comun", "Comun\Comun.csproj", "{10555761-0F40-4F7F-B01B-C467EF8A65CC}"
EndProject
Project("{FAE04EC0-301F-11D3-BF4B-00C04F79EFBC}") = "Modelo", "Modelo\Modelo.csproj", "{DC40CA35-1EC2-4A07-A287-AC934FD469E7}"
EndProject
Project("{FAE04EC0-301F-11D3-BF4B-00C04F79EFBC}") = "Datos", "Datos\Datos.csproj", "{8F00FA64-C818-48E7-9F90-B8B30E298764}"
EndProject
Project("{FAE04EC0-301F-11D3-BF4B-00C04F79EFBC}") = "Logica", "Logica\Logica.csproj", "{4E555D88-209F-420E-8486-9191D8B3C27F}"
EndProject
Project("{2150E333-8FDC-42A3-9474-1A3956D46DE8}") = "Solution Items", "Solution Items", "{361AA560-7A0C-4C81-BD01-18B1E963F172}"
	ProjectSection(SolutionItems) = preProject
		README.md = README.md
	EndProjectSection
EndProject
Global
	GlobalSection(SolutionConfigurationPlatforms) = preSolution
		Debug|Any CPU = Debug|Any CPU
		Release|Any CPU = Release|Any CPU
	EndGlobalSection
	GlobalSection(ProjectConfigurationPlatforms) = postSolution
		{18A5E8EA-86D7-43B6-8E47-F2B390656E33}.Debug|Any CPU.ActiveCfg = Debug|Any CPU
		{18A5E8EA-86D7-43B6-8E47-F2B390656E33}.Debug|Any CPU.Build.0 = Debug|Any CPU
		{18A5E8EA-86D7-43B6-8E47-F2B390656E33}.Release|Any CPU.ActiveCfg = Release|Any CPU
		{18A5E8EA-86D7-43B6-8E47-F2B390656E33}.Release|Any CPU.Build.0 = Release|Any CPU
		{10555761-0F40-4F7F-B01B-C467EF8A65CC}.Debug|Any CPU.ActiveCfg = Debug|Any CPU
		{10555761-0F40-4F7F-B01B-C467EF8A65CC}.Debug|Any CPU.Build.0 = Debug|Any CPU
		{10555761-0F40-4F7F-B01B-C467EF8A65CC}.Release|Any CPU.ActiveCfg = Release|Any CPU
		{10555761-0F40-4F7F-B01B-C467EF8A65CC}.Release|Any CPU.Build.0 = Release|Any CPU
		{DC40CA35-1EC2-4A07-A287-AC934FD469E7}.Debug|Any CPU.ActiveCfg = Debug|Any CPU
		{DC40CA35-1EC2-4A07-A287-AC934FD469E7}.Debug|Any CPU.Build.0 = Debug|Any CPU
		{DC40CA35-1EC2-4A07-A287-AC934FD469E7}.Release|Any CPU.ActiveCfg = Release|Any CPU
		{DC40CA35-1EC2-4A07-A287-AC934FD469E7}.Release|Any CPU.Build.0 = Release|Any CPU
		{8F00FA64-C818-48E7-9F90-B8B30E298764}.Debug|Any CPU.ActiveCfg = Debug|Any CPU
		{8F00FA64-C818-48E7-9F90-B8B30E298764}.Debug|Any CPU.Build.0 = Debug|Any CPU
		{8F00FA64-C818-48E7-9F90-B8B30E298764}.Release|Any CPU.ActiveCfg = Release|Any CPU
		{8F00FA64-C818-48E7-9F90-B8B30E298764}.Release|Any CPU.Build.0 = Release|Any CPU
		{4E555D88-209F-420E-8486-9191D8B3C27F}.Debug|Any CPU.ActiveCfg = Debug|Any CPU
		{4E555D88-209F-420E-8486-9191D8B3C27F}.Debug|Any CPU.Build.0 = Debug|Any CPU
		{4E555D88-209F-420E-8486-9191D8B3C27F}.Release|Any CPU.ActiveCfg = Release|Any CPU
		{4E555D88-209F-420E-8486-9191D8B3C27F}.Release|Any CPU.Build.0 = Release|Any CPU
	EndGlobalSection
	GlobalSection(SolutionProperties) = preSolution
		HideSolutionNode = FALSE
	EndGlobalSection
	GlobalSection(NestedProjects) = preSolution
		{18A5E8EA-86D7-43B6-8E47-F2B390656E33} = {B24E89DE-406C-4E4C-8C95-D4E50ED58A70}
		{10555761-0F40-4F7F-B01B-C467EF8A65CC} = {BEEF67A1-E4DF-4971-B13C-00161D65E079}
		{DC40CA35-1EC2-4A07-A287-AC934FD469E7} = {6B4D5FA4-EE52-48C2-BF3B-5680E60F9A6F}
		{8F00FA64-C818-48E7-9F90-B8B30E298764} = {09CBCA52-D478-4C0F-A984-3C03CBD9E128}
		{4E555D88-209F-420E-8486-9191D8B3C27F} = {5821E7E5-35DD-4ACD-B6F7-F7CCD3715654}
	EndGlobalSection
	GlobalSection(ExtensibilityGlobals) = postSolution
		SolutionGuid = {21931CA6-87B7-4CCC-8F4C-1AAF8B2A2CDF}
	EndGlobalSection
EndGlobal
